
Microsoft Visual Studio Solution File, Format Version 12.00
# Visual Studio Version 17
VisualStudioVersion = 17.3.32819.101
MinimumVisualStudioVersion = 10.0.40219.1
Project("{FAE04EC0-301F-11D3-BF4B-00C04F79EFBC}") = "RoShamBo", "ConsoleApp1\RoShamBo.csproj", "{0DC07AD2-2701-4C77-8297-4E1EA99339E8}"
EndProject
Global
	GlobalSection(SolutionConfigurationPlatforms) = preSolution
		Debug|Any CPU = Debug|Any CPU
		Release|Any CPU = Release|Any CPU
	EndGlobalSection
	GlobalSection(ProjectConfigurationPlatforms) = postSolution
		{0DC07AD2-2701-4C77-8297-4E1EA99339E8}.Debug|Any CPU.ActiveCfg = Debug|Any CPU
		{0DC07AD2-2701-4C77-8297-4E1EA99339E8}.Debug|Any CPU.Build.0 = Debug|Any CPU
		{0DC07AD2-2701-4C77-8297-4E1EA99339E8}.Release|Any CPU.ActiveCfg = Release|Any CPU
		{0DC07AD2-2701-4C77-8297-4E1EA99339E8}.Release|Any CPU.Build.0 = Release|Any CPU
	EndGlobalSection
	GlobalSection(SolutionProperties) = preSolution
		HideSolutionNode = FALSE
	EndGlobalSection
	GlobalSection(ExtensibilityGlobals) = postSolution
		SolutionGuid = {E742D24E-8B90-4BEC-BC25-49E747C5C98E}
	EndGlobalSection
EndGlobal
